
Microsoft Visual Studio Solution File, Format Version 12.00
# Visual Studio 15
VisualStudioVersion = 15.0.28307.489
MinimumVisualStudioVersion = 10.0.40219.1
Project("{FAE04EC0-301F-11D3-BF4B-00C04F79EFBC}") = "WebApplication2", "WebApplication2\WebApplication2.csproj", "{4A3DBF88-7A3C-425E-A8A4-97403919275F}"
EndProject
Global
	GlobalSection(SolutionConfigurationPlatforms) = preSolution
		Debug|Any CPU = Debug|Any CPU
		Release|Any CPU = Release|Any CPU
	EndGlobalSection
	GlobalSection(ProjectConfigurationPlatforms) = postSolution
		{4A3DBF88-7A3C-425E-A8A4-97403919275F}.Debug|Any CPU.ActiveCfg = Debug|Any CPU
		{4A3DBF88-7A3C-425E-A8A4-97403919275F}.Debug|Any CPU.Build.0 = Debug|Any CPU
		{4A3DBF88-7A3C-425E-A8A4-97403919275F}.Release|Any CPU.ActiveCfg = Release|Any CPU
		{4A3DBF88-7A3C-425E-A8A4-97403919275F}.Release|Any CPU.Build.0 = Release|Any CPU
	EndGlobalSection
	GlobalSection(SolutionProperties) = preSolution
		HideSolutionNode = FALSE
	EndGlobalSection
	GlobalSection(ExtensibilityGlobals) = postSolution
		SolutionGuid = {C415BBBD-988E-43BA-98A6-4C790C5346E9}
	EndGlobalSection
EndGlobal
